{
  "name": "kccacheproxy",
  "version": "1.0.0",
  "lockfileVersion": 1,
  "requires": true,
  "dependencies": {
    "@types/ffi-napi": {
      "version": "2.4.1",
      "resolved": "https://registry.npmjs.org/@types/ffi-napi/-/ffi-napi-2.4.1.tgz",
      "integrity": "sha512-QbCEQZRMGOuin88fK7rOIVCJE9NnhgYV4fASV2yOSctt6UC+mZyx5HSXrBQX0VkFHctn+uTuuSbXzZZF0WLnPg==",
      "optional": true,
      "requires": {
        "@types/node": "*",
        "@types/ref-napi": "*",
        "@types/ref-struct-di": "*"
      }
    },
    "@types/node": {
      "version": "13.7.7",
      "resolved": "https://registry.npmjs.org/@types/node/-/node-13.7.7.tgz",
      "integrity": "sha512-Uo4chgKbnPNlxQwoFmYIwctkQVkMMmsAoGGU4JKwLuvBefF0pCq4FybNSnfkfRCpC7ZW7kttcC/TrRtAJsvGtg==",
      "optional": true
    },
    "@types/ref-napi": {
      "version": "1.4.0",
      "resolved": "https://registry.npmjs.org/@types/ref-napi/-/ref-napi-1.4.0.tgz",
      "integrity": "sha512-4o5B7vPHH4HuAGOc9TFjmXMV3HmfOuezRiiw7UIJzDGitCxtbPqa1Fl7HJzsgpFjqJMqZJD6h7JqJsX3l328sg==",
      "optional": true,
      "requires": {
        "@types/node": "*"
      }
    },
    "@types/ref-struct-di": {
      "version": "1.1.0",
      "resolved": "https://registry.npmjs.org/@types/ref-struct-di/-/ref-struct-di-1.1.0.tgz",
      "integrity": "sha512-obdtTOGqfV/3MdouZEe2hup7fZwAK6RvusqLIL0hK/MuEBKHWpC3j/NXiC5N6zXdj7p52QB0wsnUEsdkFc+DOw==",
      "optional": true,
      "requires": {
        "@types/ref-napi": "*"
      }
    },
    "@types/ref-union-di": {
      "version": "1.0.0",
      "resolved": "https://registry.npmjs.org/@types/ref-union-di/-/ref-union-di-1.0.0.tgz",
      "integrity": "sha512-naDlc/KKsMvTVcDFW53BY6RitPpzElIHuhZ8TednY2hsam5g0HLxkmYgThabtCLd4fhPX48tKEh0O8RDzu4NiA==",
      "optional": true,
      "requires": {
        "@types/ref-napi": "*"
      }
    },
    "@waiting/shared-types": {
      "version": "3.3.1",
      "resolved": "https://registry.npmjs.org/@waiting/shared-types/-/shared-types-3.3.1.tgz",
      "integrity": "sha512-arTzj6fM9zvfKYGQTgwuXsot4z4fxm+wm0B5bXOauQvt1+gJM7JyUXIeoAzH+1QcGRLdEwr8LtlV6S2ngyxUFA==",
      "optional": true
    },
    "async": {
      "version": "3.1.0",
      "resolved": "https://registry.npmjs.org/async/-/async-3.1.0.tgz",
      "integrity": "sha512-4vx/aaY6j/j3Lw3fbCHNWP0pPaTCew3F6F3hYyl/tHs/ndmV1q7NW9T5yuJ2XAGwdQrP+6Wu20x06U4APo/iQQ=="
    },
    "bindings": {
      "version": "1.5.0",
      "resolved": "https://registry.npmjs.org/bindings/-/bindings-1.5.0.tgz",
      "integrity": "sha512-p2q/t/mhvuOj/UeLlV6566GD/guowlr0hHxClI0W9m7MWYkL1F0hLo+0Aexs9HSPCtR1SXQ0TD3MMKrXZajbiQ==",
      "optional": true,
      "requires": {
        "file-uri-to-path": "1.0.0"
      }
    },
    "debug": {
      "version": "3.2.6",
      "resolved": "https://registry.npmjs.org/debug/-/debug-3.2.6.tgz",
      "integrity": "sha512-mel+jf7nrtEl5Pn1Qx46zARXKDpBbvzezse7p7LqINmdoIk8PYP5SySaxEmYv6TZ0JyEKA1hsCId6DIhgITtWQ==",
      "requires": {
        "ms": "^2.1.1"
      }
    },
    "eventemitter3": {
      "version": "4.0.0",
      "resolved": "https://registry.npmjs.org/eventemitter3/-/eventemitter3-4.0.0.tgz",
      "integrity": "sha512-qerSRB0p+UDEssxTtm6EDKcE7W4OaoisfIMl4CngyEhjpYglocpNg6UEqCvemdGhosAsg4sO2dXJOdyBifPGCg=="
    },
    "ffi-napi": {
      "version": "2.4.6",
      "resolved": "https://registry.npmjs.org/ffi-napi/-/ffi-napi-2.4.6.tgz",
      "integrity": "sha512-AvfAV3dhA0A/8xPfSRX9Y7sDCjplbuA7wWSNjLMCoQJrg22+KXXKNS8ZMv5IqqTw6wWPAl1UoC27U4C05Fl6xg==",
      "optional": true,
      "requires": {
        "bindings": "^1.3.0",
        "debug": "^3.1.0",
        "get-uv-event-loop-napi-h": "^1.0.5",
        "node-addon-api": "1.6.1",
        "ref-napi": "^1.4.0",
        "ref-struct-di": "^1.1.0"
      }
    },
    "file-uri-to-path": {
      "version": "1.0.0",
      "resolved": "https://registry.npmjs.org/file-uri-to-path/-/file-uri-to-path-1.0.0.tgz",
      "integrity": "sha512-0Zt+s3L7Vf1biwWZ29aARiVYLx7iMGnEUl9x33fbB/j3jR81u/O2LbqK+Bm1CDSNDKVtJ/YjwY7TUd5SkeLQLw==",
      "optional": true
    },
    "follow-redirects": {
      "version": "1.9.0",
      "resolved": "https://registry.npmjs.org/follow-redirects/-/follow-redirects-1.9.0.tgz",
      "integrity": "sha512-CRcPzsSIbXyVDl0QI01muNDu69S8trU4jArW9LpOt2WtC6LyUJetcIrmfHsRBx7/Jb6GHJUiuqyYxPooFfNt6A==",
      "requires": {
        "debug": "^3.0.0"
      }
    },
    "fs-extra": {
      "version": "8.1.0",
      "resolved": "https://registry.npmjs.org/fs-extra/-/fs-extra-8.1.0.tgz",
      "integrity": "sha512-yhlQgA6mnOJUKOsRUFsgJdQCvkKhcz8tlZG5HBQfReYZy46OwLcY+Zia0mtdHsOo9y/hP+CxMN0TU9QxoOtG4g==",
      "requires": {
        "graceful-fs": "^4.2.0",
        "jsonfile": "^4.0.0",
        "universalify": "^0.1.0"
      }
    },
    "get-symbol-from-current-process-h": {
      "version": "1.0.2",
      "resolved": "https://registry.npmjs.org/get-symbol-from-current-process-h/-/get-symbol-from-current-process-h-1.0.2.tgz",
      "integrity": "sha512-syloC6fsCt62ELLrr1VKBM1ggOpMdetX9hTrdW77UQdcApPHLmf7CI7OKcN1c9kYuNxKcDe4iJ4FY9sX3aw2xw==",
      "optional": true
    },
    "get-uv-event-loop-napi-h": {
      "version": "1.0.6",
      "resolved": "https://registry.npmjs.org/get-uv-event-loop-napi-h/-/get-uv-event-loop-napi-h-1.0.6.tgz",
      "integrity": "sha512-t5c9VNR84nRoF+eLiz6wFrEp1SE2Acg0wS+Ysa2zF0eROes+LzOfuTaVHxGy8AbS8rq7FHEJzjnCZo1BupwdJg==",
      "optional": true,
      "requires": {
        "get-symbol-from-current-process-h": "^1.0.1"
      }
    },
    "graceful-fs": {
      "version": "4.2.3",
      "resolved": "https://registry.npmjs.org/graceful-fs/-/graceful-fs-4.2.3.tgz",
      "integrity": "sha512-a30VEBm4PEdx1dRB7MFK7BejejvCvBronbLjht+sHuGYj8PHs7M/5Z+rt5lw551vZ7yfTCj4Vuyy3mSJytDWRQ=="
    },
    "http-proxy": {
      "version": "1.18.0",
      "resolved": "https://registry.npmjs.org/http-proxy/-/http-proxy-1.18.0.tgz",
      "integrity": "sha512-84I2iJM/n1d4Hdgc6y2+qY5mDaz2PUVjlg9znE9byl+q0uC3DeByqBGReQu5tpLK0TAqTIXScRUV+dg7+bUPpQ==",
      "requires": {
        "eventemitter3": "^4.0.0",
        "follow-redirects": "^1.0.0",
        "requires-port": "^1.0.0"
      }
    },
    "jsonfile": {
      "version": "4.0.0",
      "resolved": "https://registry.npmjs.org/jsonfile/-/jsonfile-4.0.0.tgz",
      "integrity": "sha1-h3Gq4HmbZAdrdmQPygWPnBDjPss=",
      "requires": {
        "graceful-fs": "^4.1.6"
      }
    },
    "ms": {
      "version": "2.1.2",
      "resolved": "https://registry.npmjs.org/ms/-/ms-2.1.2.tgz",
      "integrity": "sha512-sGkPx+VjMtmA6MX27oA4FBFELFCZZ4S4XqeGOXCv68tT+jb3vk/RyaKWP0PTKyWtmLSM0b+adUTEvbs1PEaH2w=="
    },
    "node-addon-api": {
      "version": "1.6.1",
      "resolved": "https://registry.npmjs.org/node-addon-api/-/node-addon-api-1.6.1.tgz",
      "integrity": "sha512-GcLOYrG5/enbqH4SMsqXt6GQUQGGnDnE3FLDZzXYkCgQHuZV5UDFR+EboeY8kpG0avroyOjpFQ2qLEBosFcRIA==",
      "optional": true
    },
    "node-fetch": {
      "version": "2.6.0",
      "resolved": "https://registry.npmjs.org/node-fetch/-/node-fetch-2.6.0.tgz",
      "integrity": "sha512-8dG4H5ujfvFiqDmVu9fQ5bOHUC15JMjMY/Zumv26oOvvVJjM67KF8koCWIabKQ1GJIa9r2mMZscBq/TbdOcmNA=="
    },
    "not-the-systray": {
      "version": "0.3.1",
      "resolved": "https://registry.npmjs.org/not-the-systray/-/not-the-systray-0.3.1.tgz",
      "integrity": "sha512-AO+jt6bO8tfZWtKUMHa8pgRktWAIZvHJ4PKPKwsrxaiGunLSppawJt0EM2uFtYO+tWgq6sRgPL7QPfNmT/UQFA==",
      "optional": true,
      "requires": {
        "@types/node": "*"
      }
    },
    "readline-sync": {
      "version": "1.4.10",
      "resolved": "https://registry.npmjs.org/readline-sync/-/readline-sync-1.4.10.tgz",
      "integrity": "sha512-gNva8/6UAe8QYepIQH/jQ2qn91Qj0B9sYjMBBs3QOB8F2CXcKgLxQaJRP76sWVRQt+QU+8fAkCbCvjjMFu7Ycw=="
    },
    "ref-napi": {
      "version": "1.4.3",
      "resolved": "https://registry.npmjs.org/ref-napi/-/ref-napi-1.4.3.tgz",
      "integrity": "sha512-yE98eVwjpeGSbHjahn+hNlheGgKdV3gCW1rSj7HZL4ITzBhRb0HlUapWamRcAjZebPr3yuhvxeKFmso8NbRv5g==",
      "optional": true,
      "requires": {
        "bindings": "^1.3.0",
        "debug": "^3.1.0",
        "node-addon-api": "^2.0.0"
      },
      "dependencies": {
        "node-addon-api": {
          "version": "2.0.0",
          "resolved": "https://registry.npmjs.org/node-addon-api/-/node-addon-api-2.0.0.tgz",
          "integrity": "sha512-ASCL5U13as7HhOExbT6OlWJJUV/lLzL2voOSP1UVehpRD8FbSrSDjfScK/KwAvVTI5AS6r4VwbOMlIqtvRidnA==",
          "optional": true
        }
      }
    },
    "ref-struct-di": {
      "version": "1.1.0",
      "resolved": "https://registry.npmjs.org/ref-struct-di/-/ref-struct-di-1.1.0.tgz",
      "integrity": "sha512-gghZITj/iQwdwFDduZ6T8kL2B2ogInlOz7AOB0ggFoEc7akAKMcDrbzh3OIPk13Kxy8U2bHPvN6nejcBh4jN7A==",
      "optional": true,
      "requires": {
        "debug": "^3.1.0"
      }
    },
    "ref-union-di": {
      "version": "1.0.1",
      "resolved": "https://registry.npmjs.org/ref-union-di/-/ref-union-di-1.0.1.tgz",
      "integrity": "sha512-JWSF2BwNVtCgmEfoDGMh8S1KO07oq+T8L7cBHwcsmQmeXDZd9JNlrxU+ebSHs+jsf0qrqFFWXMCmj94Tcl26TA==",
      "optional": true,
      "requires": {
        "debug": "^3.1.0"
      }
    },
    "requires-port": {
      "version": "1.0.0",
      "resolved": "https://registry.npmjs.org/requires-port/-/requires-port-1.0.0.tgz",
      "integrity": "sha1-kl0mAdOaxIXgkc8NpcbmlNw9yv8="
    },
    "universalify": {
      "version": "0.1.2",
      "resolved": "https://registry.npmjs.org/universalify/-/universalify-0.1.2.tgz",
      "integrity": "sha512-rBJeI5CXAlmy1pV+617WB9J63U6XcazHHF2f2dbJix4XzpUF0RS3Zbj0FGIOCAva5P/d/GBOYaACQ1w+0azUkg=="
    },
    "win32-api": {
      "version": "9.2.0",
      "resolved": "https://registry.npmjs.org/win32-api/-/win32-api-9.2.0.tgz",
      "integrity": "sha512-nfQVAtDcjqbhfSC9Zm9GIN6uPvmKomZCila2Y+TDhOewxKWY43IGBdmztnnDeyqcifPWnQERNyz6a86n47Bq1A==",
      "optional": true,
      "requires": {
        "@types/ffi-napi": "*",
        "@types/ref-napi": "^1.4.0",
        "@types/ref-union-di": "^1.0.0",
        "ffi-napi": "^2.4.5",
        "ref-napi": "^1.4.1",
        "ref-union-di": "^1.0.1",
        "win32-def": "^9.2.0"
      }
    },
    "win32-def": {
      "version": "9.2.0",
      "resolved": "https://registry.npmjs.org/win32-def/-/win32-def-9.2.0.tgz",
      "integrity": "sha512-uWL/voDmtkCPOTBEPOsq733JyP7GGZzNj1HqxTJ5yPcLyz8ZN55QoFsER0mipSYPji33VAy3DiJJFack5nBpvw==",
      "optional": true,
      "requires": {
        "@waiting/shared-types": "3"
      }
    }
  }
}
